
Microsoft Visual Studio Solution File, Format Version 12.00
# Visual Studio Version 16
VisualStudioVersion = 16.0.31729.503
MinimumVisualStudioVersion = 10.0.40219.1
Project("{9A19103F-16F7-4668-BE54-9A1E7A4F7556}") = "Orion.API", "Orion.API\Orion.API\Orion.API.csproj", "{522F92A7-AD6A-4FB7-8CBD-B71C26E88125}"
EndProject
Project("{9A19103F-16F7-4668-BE54-9A1E7A4F7556}") = "Orion.Common", "Orion.Common\Orion.Common.csproj", "{A33D2C72-0671-4C07-985D-C0D145AA892C}"
EndProject
Global
	GlobalSection(SolutionConfigurationPlatforms) = preSolution
		Debug|Any CPU = Debug|Any CPU
		Release|Any CPU = Release|Any CPU
	EndGlobalSection
	GlobalSection(ProjectConfigurationPlatforms) = postSolution
		{522F92A7-AD6A-4FB7-8CBD-B71C26E88125}.Debug|Any CPU.ActiveCfg = Debug|Any CPU
		{522F92A7-AD6A-4FB7-8CBD-B71C26E88125}.Debug|Any CPU.Build.0 = Debug|Any CPU
		{522F92A7-AD6A-4FB7-8CBD-B71C26E88125}.Release|Any CPU.ActiveCfg = Release|Any CPU
		{522F92A7-AD6A-4FB7-8CBD-B71C26E88125}.Release|Any CPU.Build.0 = Release|Any CPU
		{A33D2C72-0671-4C07-985D-C0D145AA892C}.Debug|Any CPU.ActiveCfg = Debug|Any CPU
		{A33D2C72-0671-4C07-985D-C0D145AA892C}.Debug|Any CPU.Build.0 = Debug|Any CPU
		{A33D2C72-0671-4C07-985D-C0D145AA892C}.Release|Any CPU.ActiveCfg = Release|Any CPU
		{A33D2C72-0671-4C07-985D-C0D145AA892C}.Release|Any CPU.Build.0 = Release|Any CPU
	EndGlobalSection
	GlobalSection(SolutionProperties) = preSolution
		HideSolutionNode = FALSE
	EndGlobalSection
	GlobalSection(ExtensibilityGlobals) = postSolution
		SolutionGuid = {18CBEEE4-8BE3-42E7-887D-33C053C5C5FD}
	EndGlobalSection
EndGlobal
